PODS:
  - Mtrec-IOS-LBSOfflineSDK (0.0.5)

DEPENDENCIES:
  - Mtrec-IOS-LBSOfflineSDK (~> 0.0.2)

SPEC REPOS:
  https://github.com/wltsuiac/privatePodRepo.git:
    - Mtrec-IOS-LBSOfflineSDK

SPEC CHECKSUMS:
  Mtrec-IOS-LBSOfflineSDK: 40a719af0d1f93d2559ae3ad495113fc352989bb

PODFILE CHECKSUM: 6e861a545af50ad292ae1d1c390956da19180f0b

COCOAPODS: 1.9.3
